
Microsoft Visual Studio Solution File, Format Version 12.00
# Visual Studio 15
VisualStudioVersion = 15.0.28307.1321
MinimumVisualStudioVersion = 10.0.40219.1
Project("{FAE04EC0-301F-11D3-BF4B-00C04F79EFBC}") = "ProjetoZero", "ProjetoZero\ProjetoZero.csproj", "{2BA46A9E-1FC8-49C9-A78E-7B98A7F060FD}"
EndProject
Global
	GlobalSection(SolutionConfigurationPlatforms) = preSolution
		Debug|Any CPU = Debug|Any CPU
		Release|Any CPU = Release|Any CPU
	EndGlobalSection
	GlobalSection(ProjectConfigurationPlatforms) = postSolution
		{2BA46A9E-1FC8-49C9-A78E-7B98A7F060FD}.Debug|Any CPU.ActiveCfg = Debug|Any CPU
		{2BA46A9E-1FC8-49C9-A78E-7B98A7F060FD}.Debug|Any CPU.Build.0 = Debug|Any CPU
		{2BA46A9E-1FC8-49C9-A78E-7B98A7F060FD}.Release|Any CPU.ActiveCfg = Release|Any CPU
		{2BA46A9E-1FC8-49C9-A78E-7B98A7F060FD}.Release|Any CPU.Build.0 = Release|Any CPU
	EndGlobalSection
	GlobalSection(SolutionProperties) = preSolution
		HideSolutionNode = FALSE
	EndGlobalSection
	GlobalSection(ExtensibilityGlobals) = postSolution
		SolutionGuid = {66083DF0-9FEC-4E54-BC65-EA5F24B5B688}
	EndGlobalSection
EndGlobal
